
Microsoft Visual Studio Solution File, Format Version 12.00
# Visual Studio 14
VisualStudioVersion = 14.0.25420.1
MinimumVisualStudioVersion = 10.0.40219.1
Project("{FAE04EC0-301F-11D3-BF4B-00C04F79EFBC}") = "Teht01", "Teht01\Teht01.csproj", "{9542C5C2-AE85-4C47-AD73-DC705621F89C}"
EndProject
Project("{FAE04EC0-301F-11D3-BF4B-00C04F79EFBC}") = "Teht01b", "Teht01b\Teht01b.csproj", "{B2A80F0D-0067-4E14-83AD-24522272F9E7}"
EndProject
Project("{FAE04EC0-301F-11D3-BF4B-00C04F79EFBC}") = "Teht02", "Teht02\Teht02.csproj", "{83B0F823-DE5F-4108-9B0B-D3C55DBD5BE1}"
EndProject
Project("{FAE04EC0-301F-11D3-BF4B-00C04F79EFBC}") = "Teht03", "Teht03\Teht03.csproj", "{DFAD6950-42A2-4AC2-90CD-8FE7760B0614}"
EndProject
Project("{FAE04EC0-301F-11D3-BF4B-00C04F79EFBC}") = "Teht04", "ConsoleApplication1\Teht04.csproj", "{92F45C02-8E51-46D7-8483-33E32477387E}"
EndProject
Project("{FAE04EC0-301F-11D3-BF4B-00C04F79EFBC}") = "Teht05", "Teht05\Teht05.csproj", "{74729E53-183A-430F-B2C3-D4F568353633}"
EndProject
Project("{FAE04EC0-301F-11D3-BF4B-00C04F79EFBC}") = "Teht06", "Teht06\Teht06.csproj", "{B5F0E629-10B1-4E16-BDDD-DE63E02E7864}"
EndProject
Project("{FAE04EC0-301F-11D3-BF4B-00C04F79EFBC}") = "Teht07", "Teht07\Teht07.csproj", "{7C7B9E76-8B0B-4EBC-B1E3-497A3F3850A8}"
EndProject
Project("{FAE04EC0-301F-11D3-BF4B-00C04F79EFBC}") = "Teht08", "Teht08\Teht08.csproj", "{61A6FD03-EC04-42E8-AC4E-B7D84D94C10F}"
EndProject
Project("{FAE04EC0-301F-11D3-BF4B-00C04F79EFBC}") = "Teht09", "Teht09\Teht09.csproj", "{8CF9E49A-5A4E-4DD1-8FA0-F16C844C2984}"
EndProject
Project("{FAE04EC0-301F-11D3-BF4B-00C04F79EFBC}") = "Teht10", "Teht10\Teht10.csproj", "{01B30E8F-4D33-4E61-9148-7E59DE8F2AFB}"
EndProject
Project("{FAE04EC0-301F-11D3-BF4B-00C04F79EFBC}") = "Teht11", "Teht11\Teht11.csproj", "{7C0741C4-ACAF-41AF-92EB-24D3918B5AB3}"
EndProject
Project("{FAE04EC0-301F-11D3-BF4B-00C04F79EFBC}") = "Teht12", "teht12\Teht12.csproj", "{C2A0C979-EDF9-4093-9756-0F25E0D3D32F}"
EndProject
Project("{FAE04EC0-301F-11D3-BF4B-00C04F79EFBC}") = "Teht13", "Teht13\Teht13.csproj", "{F87186C5-5ECF-434D-BD6B-9FFEC5427685}"
EndProject
Project("{FAE04EC0-301F-11D3-BF4B-00C04F79EFBC}") = "Teht14", "Teht14\Teht14.csproj", "{563B7EBF-12FA-4DDB-8A14-E1ED188CD20C}"
EndProject
Project("{FAE04EC0-301F-11D3-BF4B-00C04F79EFBC}") = "Teht15", "Teht15\Teht15.csproj", "{428217CC-86CD-45FB-BAB6-58D8B97C674E}"
EndProject
Project("{FAE04EC0-301F-11D3-BF4B-00C04F79EFBC}") = "Teht16", "Teht16\Teht16.csproj", "{A05F4693-0DEB-4CAF-A880-76896AE8C495}"
EndProject
Project("{FAE04EC0-301F-11D3-BF4B-00C04F79EFBC}") = "Teht17", "Teht17\Teht17.csproj", "{1CE23C68-1454-4DE5-8A72-C38387996AC7}"
EndProject
Project("{FAE04EC0-301F-11D3-BF4B-00C04F79EFBC}") = "Teht18", "Teht18\Teht18.csproj", "{0E9EDA91-1CE7-41AB-9A57-9CF0E9A65DAF}"
EndProject
Project("{FAE04EC0-301F-11D3-BF4B-00C04F79EFBC}") = "Teht19", "Teht19\Teht19.csproj", "{07E7364C-448B-4B6B-8208-B445364D55D7}"
EndProject
Global
	GlobalSection(SolutionConfigurationPlatforms) = preSolution
		Debug|Any CPU = Debug|Any CPU
		Release|Any CPU = Release|Any CPU
	EndGlobalSection
	GlobalSection(ProjectConfigurationPlatforms) = postSolution
		{9542C5C2-AE85-4C47-AD73-DC705621F89C}.Debug|Any CPU.ActiveCfg = Debug|Any CPU
		{9542C5C2-AE85-4C47-AD73-DC705621F89C}.Debug|Any CPU.Build.0 = Debug|Any CPU
		{9542C5C2-AE85-4C47-AD73-DC705621F89C}.Release|Any CPU.ActiveCfg = Release|Any CPU
		{9542C5C2-AE85-4C47-AD73-DC705621F89C}.Release|Any CPU.Build.0 = Release|Any CPU
		{B2A80F0D-0067-4E14-83AD-24522272F9E7}.Debug|Any CPU.ActiveCfg = Debug|Any CPU
		{B2A80F0D-0067-4E14-83AD-24522272F9E7}.Debug|Any CPU.Build.0 = Debug|Any CPU
		{B2A80F0D-0067-4E14-83AD-24522272F9E7}.Release|Any CPU.ActiveCfg = Release|Any CPU
		{B2A80F0D-0067-4E14-83AD-24522272F9E7}.Release|Any CPU.Build.0 = Release|Any CPU
		{83B0F823-DE5F-4108-9B0B-D3C55DBD5BE1}.Debug|Any CPU.ActiveCfg = Debug|Any CPU
		{83B0F823-DE5F-4108-9B0B-D3C55DBD5BE1}.Debug|Any CPU.Build.0 = Debug|Any CPU
		{83B0F823-DE5F-4108-9B0B-D3C55DBD5BE1}.Release|Any CPU.ActiveCfg = Release|Any CPU
		{83B0F823-DE5F-4108-9B0B-D3C55DBD5BE1}.Release|Any CPU.Build.0 = Release|Any CPU
		{DFAD6950-42A2-4AC2-90CD-8FE7760B0614}.Debug|Any CPU.ActiveCfg = Debug|Any CPU
		{DFAD6950-42A2-4AC2-90CD-8FE7760B0614}.Debug|Any CPU.Build.0 = Debug|Any CPU
		{DFAD6950-42A2-4AC2-90CD-8FE7760B0614}.Release|Any CPU.ActiveCfg = Release|Any CPU
		{DFAD6950-42A2-4AC2-90CD-8FE7760B0614}.Release|Any CPU.Build.0 = Release|Any CPU
		{92F45C02-8E51-46D7-8483-33E32477387E}.Debug|Any CPU.ActiveCfg = Debug|Any CPU
		{92F45C02-8E51-46D7-8483-33E32477387E}.Debug|Any CPU.Build.0 = Debug|Any CPU
		{92F45C02-8E51-46D7-8483-33E32477387E}.Release|Any CPU.ActiveCfg = Release|Any CPU
		{92F45C02-8E51-46D7-8483-33E32477387E}.Release|Any CPU.Build.0 = Release|Any CPU
		{74729E53-183A-430F-B2C3-D4F568353633}.Debug|Any CPU.ActiveCfg = Debug|Any CPU
		{74729E53-183A-430F-B2C3-D4F568353633}.Debug|Any CPU.Build.0 = Debug|Any CPU
		{74729E53-183A-430F-B2C3-D4F568353633}.Release|Any CPU.ActiveCfg = Release|Any CPU
		{74729E53-183A-430F-B2C3-D4F568353633}.Release|Any CPU.Build.0 = Release|Any CPU
		{B5F0E629-10B1-4E16-BDDD-DE63E02E7864}.Debug|Any CPU.ActiveCfg = Debug|Any CPU
		{B5F0E629-10B1-4E16-BDDD-DE63E02E7864}.Debug|Any CPU.Build.0 = Debug|Any CPU
		{B5F0E629-10B1-4E16-BDDD-DE63E02E7864}.Release|Any CPU.ActiveCfg = Release|Any CPU
		{B5F0E629-10B1-4E16-BDDD-DE63E02E7864}.Release|Any CPU.Build.0 = Release|Any CPU
		{7C7B9E76-8B0B-4EBC-B1E3-497A3F3850A8}.Debug|Any CPU.ActiveCfg = Debug|Any CPU
		{7C7B9E76-8B0B-4EBC-B1E3-497A3F3850A8}.Debug|Any CPU.Build.0 = Debug|Any CPU
		{7C7B9E76-8B0B-4EBC-B1E3-497A3F3850A8}.Release|Any CPU.ActiveCfg = Release|Any CPU
		{7C7B9E76-8B0B-4EBC-B1E3-497A3F3850A8}.Release|Any CPU.Build.0 = Release|Any CPU
		{61A6FD03-EC04-42E8-AC4E-B7D84D94C10F}.Debug|Any CPU.ActiveCfg = Debug|Any CPU
		{61A6FD03-EC04-42E8-AC4E-B7D84D94C10F}.Debug|Any CPU.Build.0 = Debug|Any CPU
		{61A6FD03-EC04-42E8-AC4E-B7D84D94C10F}.Release|Any CPU.ActiveCfg = Release|Any CPU
		{61A6FD03-EC04-42E8-AC4E-B7D84D94C10F}.Release|Any CPU.Build.0 = Release|Any CPU
		{8CF9E49A-5A4E-4DD1-8FA0-F16C844C2984}.Debug|Any CPU.ActiveCfg = Debug|Any CPU
		{8CF9E49A-5A4E-4DD1-8FA0-F16C844C2984}.Debug|Any CPU.Build.0 = Debug|Any CPU
		{8CF9E49A-5A4E-4DD1-8FA0-F16C844C2984}.Release|Any CPU.ActiveCfg = Release|Any CPU
		{8CF9E49A-5A4E-4DD1-8FA0-F16C844C2984}.Release|Any CPU.Build.0 = Release|Any CPU
		{01B30E8F-4D33-4E61-9148-7E59DE8F2AFB}.Debug|Any CPU.ActiveCfg = Debug|Any CPU
		{01B30E8F-4D33-4E61-9148-7E59DE8F2AFB}.Debug|Any CPU.Build.0 = Debug|Any CPU
		{01B30E8F-4D33-4E61-9148-7E59DE8F2AFB}.Release|Any CPU.ActiveCfg = Release|Any CPU
		{01B30E8F-4D33-4E61-9148-7E59DE8F2AFB}.Release|Any CPU.Build.0 = Release|Any CPU
		{7C0741C4-ACAF-41AF-92EB-24D3918B5AB3}.Debug|Any CPU.ActiveCfg = Debug|Any CPU
		{7C0741C4-ACAF-41AF-92EB-24D3918B5AB3}.Debug|Any CPU.Build.0 = Debug|Any CPU
		{7C0741C4-ACAF-41AF-92EB-24D3918B5AB3}.Release|Any CPU.ActiveCfg = Release|Any CPU
		{7C0741C4-ACAF-41AF-92EB-24D3918B5AB3}.Release|Any CPU.Build.0 = Release|Any CPU
		{C2A0C979-EDF9-4093-9756-0F25E0D3D32F}.Debug|Any CPU.ActiveCfg = Debug|Any CPU
		{C2A0C979-EDF9-4093-9756-0F25E0D3D32F}.Debug|Any CPU.Build.0 = Debug|Any CPU
		{C2A0C979-EDF9-4093-9756-0F25E0D3D32F}.Release|Any CPU.ActiveCfg = Release|Any CPU
		{C2A0C979-EDF9-4093-9756-0F25E0D3D32F}.Release|Any CPU.Build.0 = Release|Any CPU
		{F87186C5-5ECF-434D-BD6B-9FFEC5427685}.Debug|Any CPU.ActiveCfg = Debug|Any CPU
		{F87186C5-5ECF-434D-BD6B-9FFEC5427685}.Debug|Any CPU.Build.0 = Debug|Any CPU
		{F87186C5-5ECF-434D-BD6B-9FFEC5427685}.Release|Any CPU.ActiveCfg = Release|Any CPU
		{F87186C5-5ECF-434D-BD6B-9FFEC5427685}.Release|Any CPU.Build.0 = Release|Any CPU
		{563B7EBF-12FA-4DDB-8A14-E1ED188CD20C}.Debug|Any CPU.ActiveCfg = Debug|Any CPU
		{563B7EBF-12FA-4DDB-8A14-E1ED188CD20C}.Debug|Any CPU.Build.0 = Debug|Any CPU
		{563B7EBF-12FA-4DDB-8A14-E1ED188CD20C}.Release|Any CPU.ActiveCfg = Release|Any CPU
		{563B7EBF-12FA-4DDB-8A14-E1ED188CD20C}.Release|Any CPU.Build.0 = Release|Any CPU
		{428217CC-86CD-45FB-BAB6-58D8B97C674E}.Debug|Any CPU.ActiveCfg = Debug|Any CPU
		{428217CC-86CD-45FB-BAB6-58D8B97C674E}.Debug|Any CPU.Build.0 = Debug|Any CPU
		{428217CC-86CD-45FB-BAB6-58D8B97C674E}.Release|Any CPU.ActiveCfg = Release|Any CPU
		{428217CC-86CD-45FB-BAB6-58D8B97C674E}.Release|Any CPU.Build.0 = Release|Any CPU
		{A05F4693-0DEB-4CAF-A880-76896AE8C495}.Debug|Any CPU.ActiveCfg = Debug|Any CPU
		{A05F4693-0DEB-4CAF-A880-76896AE8C495}.Debug|Any CPU.Build.0 = Debug|Any CPU
		{A05F4693-0DEB-4CAF-A880-76896AE8C495}.Release|Any CPU.ActiveCfg = Release|Any CPU
		{A05F4693-0DEB-4CAF-A880-76896AE8C495}.Release|Any CPU.Build.0 = Release|Any CPU
		{1CE23C68-1454-4DE5-8A72-C38387996AC7}.Debug|Any CPU.ActiveCfg = Debug|Any CPU
		{1CE23C68-1454-4DE5-8A72-C38387996AC7}.Debug|Any CPU.Build.0 = Debug|Any CPU
		{1CE23C68-1454-4DE5-8A72-C38387996AC7}.Release|Any CPU.ActiveCfg = Release|Any CPU
		{1CE23C68-1454-4DE5-8A72-C38387996AC7}.Release|Any CPU.Build.0 = Release|Any CPU
		{0E9EDA91-1CE7-41AB-9A57-9CF0E9A65DAF}.Debug|Any CPU.ActiveCfg = Debug|Any CPU
		{0E9EDA91-1CE7-41AB-9A57-9CF0E9A65DAF}.Debug|Any CPU.Build.0 = Debug|Any CPU
		{0E9EDA91-1CE7-41AB-9A57-9CF0E9A65DAF}.Release|Any CPU.ActiveCfg = Release|Any CPU
		{0E9EDA91-1CE7-41AB-9A57-9CF0E9A65DAF}.Release|Any CPU.Build.0 = Release|Any CPU
		{07E7364C-448B-4B6B-8208-B445364D55D7}.Debug|Any CPU.ActiveCfg = Debug|Any CPU
		{07E7364C-448B-4B6B-8208-B445364D55D7}.Debug|Any CPU.Build.0 = Debug|Any CPU
		{07E7364C-448B-4B6B-8208-B445364D55D7}.Release|Any CPU.ActiveCfg = Release|Any CPU
		{07E7364C-448B-4B6B-8208-B445364D55D7}.Release|Any CPU.Build.0 = Release|Any CPU
	EndGlobalSection
	GlobalSection(SolutionProperties) = preSolution
		HideSolutionNode = FALSE
	EndGlobalSection
EndGlobal
